
Microsoft Visual Studio Solution File, Format Version 12.00
# Visual Studio Version 17
VisualStudioVersion = 17.8.34316.72
MinimumVisualStudioVersion = 10.0.40219.1
Project("{FAE04EC0-301F-11D3-BF4B-00C04F79EFBC}") = "Task1", "Task1\Task1.csproj", "{867F28D1-4303-4936-BFF1-7280CC46D2F4}"
EndProject
Project("{FAE04EC0-301F-11D3-BF4B-00C04F79EFBC}") = "Task2", "Task2\Task2.csproj", "{E14549E8-5B2B-4B19-BC7D-441D3A904BC2}"
EndProject
Project("{FAE04EC0-301F-11D3-BF4B-00C04F79EFBC}") = "Task3", "Task3\Task3.csproj", "{6CA52782-093B-4246-A3AB-3A625823CBCD}"
EndProject
Project("{FAE04EC0-301F-11D3-BF4B-00C04F79EFBC}") = "Task3.1", "Task3.1\Task3.1.csproj", "{75056533-076F-4CCE-B409-EA220D85355F}"
EndProject
Project("{FAE04EC0-301F-11D3-BF4B-00C04F79EFBC}") = "task4r", "task4r\task4r.csproj", "{94004065-6173-454D-B0C5-0116D9B384B0}"
EndProject
Global
	GlobalSection(SolutionConfigurationPlatforms) = preSolution
		Debug|Any CPU = Debug|Any CPU
		Release|Any CPU = Release|Any CPU
	EndGlobalSection
	GlobalSection(ProjectConfigurationPlatforms) = postSolution
		{867F28D1-4303-4936-BFF1-7280CC46D2F4}.Debug|Any CPU.ActiveCfg = Debug|Any CPU
		{867F28D1-4303-4936-BFF1-7280CC46D2F4}.Debug|Any CPU.Build.0 = Debug|Any CPU
		{867F28D1-4303-4936-BFF1-7280CC46D2F4}.Release|Any CPU.ActiveCfg = Release|Any CPU
		{867F28D1-4303-4936-BFF1-7280CC46D2F4}.Release|Any CPU.Build.0 = Release|Any CPU
		{E14549E8-5B2B-4B19-BC7D-441D3A904BC2}.Debug|Any CPU.ActiveCfg = Debug|Any CPU
		{E14549E8-5B2B-4B19-BC7D-441D3A904BC2}.Debug|Any CPU.Build.0 = Debug|Any CPU
		{E14549E8-5B2B-4B19-BC7D-441D3A904BC2}.Release|Any CPU.ActiveCfg = Release|Any CPU
		{E14549E8-5B2B-4B19-BC7D-441D3A904BC2}.Release|Any CPU.Build.0 = Release|Any CPU
		{6CA52782-093B-4246-A3AB-3A625823CBCD}.Debug|Any CPU.ActiveCfg = Debug|Any CPU
		{6CA52782-093B-4246-A3AB-3A625823CBCD}.Debug|Any CPU.Build.0 = Debug|Any CPU
		{6CA52782-093B-4246-A3AB-3A625823CBCD}.Release|Any CPU.ActiveCfg = Release|Any CPU
		{6CA52782-093B-4246-A3AB-3A625823CBCD}.Release|Any CPU.Build.0 = Release|Any CPU
		{75056533-076F-4CCE-B409-EA220D85355F}.Debug|Any CPU.ActiveCfg = Debug|Any CPU
		{75056533-076F-4CCE-B409-EA220D85355F}.Debug|Any CPU.Build.0 = Debug|Any CPU
		{75056533-076F-4CCE-B409-EA220D85355F}.Release|Any CPU.ActiveCfg = Release|Any CPU
		{75056533-076F-4CCE-B409-EA220D85355F}.Release|Any CPU.Build.0 = Release|Any CPU
		{94004065-6173-454D-B0C5-0116D9B384B0}.Debug|Any CPU.ActiveCfg = Debug|Any CPU
		{94004065-6173-454D-B0C5-0116D9B384B0}.Debug|Any CPU.Build.0 = Debug|Any CPU
		{94004065-6173-454D-B0C5-0116D9B384B0}.Release|Any CPU.ActiveCfg = Release|Any CPU
		{94004065-6173-454D-B0C5-0116D9B384B0}.Release|Any CPU.Build.0 = Release|Any CPU
	EndGlobalSection
	GlobalSection(SolutionProperties) = preSolution
		HideSolutionNode = FALSE
	EndGlobalSection
	GlobalSection(ExtensibilityGlobals) = postSolution
		SolutionGuid = {3D9E5065-EAD4-418D-8E45-B463765ED829}
	EndGlobalSection
EndGlobal
